
Microsoft Visual Studio Solution File, Format Version 12.00
# Visual Studio Version 16
VisualStudioVersion = 16.0.30011.22
MinimumVisualStudioVersion = 10.0.40219.1
Project("{FAE04EC0-301F-11D3-BF4B-00C04F79EFBC}") = "WRONJ.UWP", "WRONJ\WRONJ.UWP\WRONJ.UWP.csproj", "{8E22F503-B2D3-4822-ADF1-68BCD8647ECD}"
EndProject
Project("{FAE04EC0-301F-11D3-BF4B-00C04F79EFBC}") = "WRONJ.Android", "WRONJ\WRONJ.Android\WRONJ.Android.csproj", "{3A732C53-F207-494D-908B-E0D956F77ADC}"
EndProject
Project("{FAE04EC0-301F-11D3-BF4B-00C04F79EFBC}") = "WRONJ.iOS", "WRONJ\WRONJ.iOS\WRONJ.iOS.csproj", "{E4ABF7BC-6757-4F76-818D-55B4BD6C05E7}"
EndProject
Project("{9A19103F-16F7-4668-BE54-9A1E7A4F7556}") = "WRONJ", "WRONJ\WRONJ\WRONJ.csproj", "{40E29A37-AFD0-456A-B6B8-AC3D86DF5A23}"
EndProject
Global
	GlobalSection(SolutionConfigurationPlatforms) = preSolution
		Debug|Any CPU = Debug|Any CPU
		Debug|ARM = Debug|ARM
		Debug|iPhone = Debug|iPhone
		Debug|iPhoneSimulator = Debug|iPhoneSimulator
		Debug|x64 = Debug|x64
		Debug|x86 = Debug|x86
		Release|Any CPU = Release|Any CPU
		Release|ARM = Release|ARM
		Release|iPhone = Release|iPhone
		Release|iPhoneSimulator = Release|iPhoneSimulator
		Release|x64 = Release|x64
		Release|x86 = Release|x86
	EndGlobalSection
	GlobalSection(ProjectConfigurationPlatforms) = postSolution
		{8E22F503-B2D3-4822-ADF1-68BCD8647ECD}.Debug|Any CPU.ActiveCfg = Debug|x86
		{8E22F503-B2D3-4822-ADF1-68BCD8647ECD}.Debug|Any CPU.Build.0 = Debug|x86
		{8E22F503-B2D3-4822-ADF1-68BCD8647ECD}.Debug|Any CPU.Deploy.0 = Debug|x86
		{8E22F503-B2D3-4822-ADF1-68BCD8647ECD}.Debug|ARM.ActiveCfg = Debug|ARM
		{8E22F503-B2D3-4822-ADF1-68BCD8647ECD}.Debug|ARM.Build.0 = Debug|ARM
		{8E22F503-B2D3-4822-ADF1-68BCD8647ECD}.Debug|ARM.Deploy.0 = Debug|ARM
		{8E22F503-B2D3-4822-ADF1-68BCD8647ECD}.Debug|iPhone.ActiveCfg = Debug|x86
		{8E22F503-B2D3-4822-ADF1-68BCD8647ECD}.Debug|iPhone.Build.0 = Debug|x86
		{8E22F503-B2D3-4822-ADF1-68BCD8647ECD}.Debug|iPhone.Deploy.0 = Debug|x86
		{8E22F503-B2D3-4822-ADF1-68BCD8647ECD}.Debug|iPhoneSimulator.ActiveCfg = Debug|x86
		{8E22F503-B2D3-4822-ADF1-68BCD8647ECD}.Debug|iPhoneSimulator.Build.0 = Debug|x86
		{8E22F503-B2D3-4822-ADF1-68BCD8647ECD}.Debug|iPhoneSimulator.Deploy.0 = Debug|x86
		{8E22F503-B2D3-4822-ADF1-68BCD8647ECD}.Debug|x64.ActiveCfg = Debug|x64
		{8E22F503-B2D3-4822-ADF1-68BCD8647ECD}.Debug|x64.Build.0 = Debug|x64
		{8E22F503-B2D3-4822-ADF1-68BCD8647ECD}.Debug|x64.Deploy.0 = Debug|x64
		{8E22F503-B2D3-4822-ADF1-68BCD8647ECD}.Debug|x86.ActiveCfg = Debug|x86
		{8E22F503-B2D3-4822-ADF1-68BCD8647ECD}.Debug|x86.Build.0 = Debug|x86
		{8E22F503-B2D3-4822-ADF1-68BCD8647ECD}.Debug|x86.Deploy.0 = Debug|x86
		{8E22F503-B2D3-4822-ADF1-68BCD8647ECD}.Release|Any CPU.ActiveCfg = Release|x86
		{8E22F503-B2D3-4822-ADF1-68BCD8647ECD}.Release|Any CPU.Build.0 = Release|x86
		{8E22F503-B2D3-4822-ADF1-68BCD8647ECD}.Release|Any CPU.Deploy.0 = Release|x86
		{8E22F503-B2D3-4822-ADF1-68BCD8647ECD}.Release|ARM.ActiveCfg = Release|ARM
		{8E22F503-B2D3-4822-ADF1-68BCD8647ECD}.Release|ARM.Build.0 = Release|ARM
		{8E22F503-B2D3-4822-ADF1-68BCD8647ECD}.Release|ARM.Deploy.0 = Release|ARM
		{8E22F503-B2D3-4822-ADF1-68BCD8647ECD}.Release|iPhone.ActiveCfg = Release|x86
		{8E22F503-B2D3-4822-ADF1-68BCD8647ECD}.Release|iPhone.Build.0 = Release|x86
		{8E22F503-B2D3-4822-ADF1-68BCD8647ECD}.Release|iPhone.Deploy.0 = Release|x86
		{8E22F503-B2D3-4822-ADF1-68BCD8647ECD}.Release|iPhoneSimulator.ActiveCfg = Release|x86
		{8E22F503-B2D3-4822-ADF1-68BCD8647ECD}.Release|iPhoneSimulator.Build.0 = Release|x86
		{8E22F503-B2D3-4822-ADF1-68BCD8647ECD}.Release|iPhoneSimulator.Deploy.0 = Release|x86
		{8E22F503-B2D3-4822-ADF1-68BCD8647ECD}.Release|x64.ActiveCfg = Release|x64
		{8E22F503-B2D3-4822-ADF1-68BCD8647ECD}.Release|x64.Build.0 = Release|x64
		{8E22F503-B2D3-4822-ADF1-68BCD8647ECD}.Release|x64.Deploy.0 = Release|x64
		{8E22F503-B2D3-4822-ADF1-68BCD8647ECD}.Release|x86.ActiveCfg = Release|x86
		{8E22F503-B2D3-4822-ADF1-68BCD8647ECD}.Release|x86.Build.0 = Release|x86
		{8E22F503-B2D3-4822-ADF1-68BCD8647ECD}.Release|x86.Deploy.0 = Release|x86
		{3A732C53-F207-494D-908B-E0D956F77ADC}.Debug|Any CPU.ActiveCfg = Debug|Any CPU
		{3A732C53-F207-494D-908B-E0D956F77ADC}.Debug|Any CPU.Build.0 = Debug|Any CPU
		{3A732C53-F207-494D-908B-E0D956F77ADC}.Debug|Any CPU.Deploy.0 = Debug|Any CPU
		{3A732C53-F207-494D-908B-E0D956F77ADC}.Debug|ARM.ActiveCfg = Debug|Any CPU
		{3A732C53-F207-494D-908B-E0D956F77ADC}.Debug|ARM.Build.0 = Debug|Any CPU
		{3A732C53-F207-494D-908B-E0D956F77ADC}.Debug|ARM.Deploy.0 = Debug|Any CPU
		{3A732C53-F207-494D-908B-E0D956F77ADC}.Debug|iPhone.ActiveCfg = Debug|Any CPU
		{3A732C53-F207-494D-908B-E0D956F77ADC}.Debug|iPhone.Build.0 = Debug|Any CPU
		{3A732C53-F207-494D-908B-E0D956F77ADC}.Debug|iPhone.Deploy.0 = Debug|Any CPU
		{3A732C53-F207-494D-908B-E0D956F77ADC}.Debug|iPhoneSimulator.ActiveCfg = Debug|Any CPU
		{3A732C53-F207-494D-908B-E0D956F77ADC}.Debug|iPhoneSimulator.Build.0 = Debug|Any CPU
		{3A732C53-F207-494D-908B-E0D956F77ADC}.Debug|iPhoneSimulator.Deploy.0 = Debug|Any CPU
		{3A732C53-F207-494D-908B-E0D956F77ADC}.Debug|x64.ActiveCfg = Debug|Any CPU
		{3A732C53-F207-494D-908B-E0D956F77ADC}.Debug|x64.Build.0 = Debug|Any CPU
		{3A732C53-F207-494D-908B-E0D956F77ADC}.Debug|x64.Deploy.0 = Debug|Any CPU
		{3A732C53-F207-494D-908B-E0D956F77ADC}.Debug|x86.ActiveCfg = Debug|Any CPU
		{3A732C53-F207-494D-908B-E0D956F77ADC}.Debug|x86.Build.0 = Debug|Any CPU
		{3A732C53-F207-494D-908B-E0D956F77ADC}.Debug|x86.Deploy.0 = Debug|Any CPU
		{3A732C53-F207-494D-908B-E0D956F77ADC}.Release|Any CPU.ActiveCfg = Release|Any CPU
		{3A732C53-F207-494D-908B-E0D956F77ADC}.Release|Any CPU.Build.0 = Release|Any CPU
		{3A732C53-F207-494D-908B-E0D956F77ADC}.Release|Any CPU.Deploy.0 = Release|Any CPU
		{3A732C53-F207-494D-908B-E0D956F77ADC}.Release|ARM.ActiveCfg = Release|Any CPU
		{3A732C53-F207-494D-908B-E0D956F77ADC}.Release|ARM.Build.0 = Release|Any CPU
		{3A732C53-F207-494D-908B-E0D956F77ADC}.Release|ARM.Deploy.0 = Release|Any CPU
		{3A732C53-F207-494D-908B-E0D956F77ADC}.Release|iPhone.ActiveCfg = Release|Any CPU
		{3A732C53-F207-494D-908B-E0D956F77ADC}.Release|iPhone.Build.0 = Release|Any CPU
		{3A732C53-F207-494D-908B-E0D956F77ADC}.Release|iPhone.Deploy.0 = Release|Any CPU
		{3A732C53-F207-494D-908B-E0D956F77ADC}.Release|iPhoneSimulator.ActiveCfg = Release|Any CPU
		{3A732C53-F207-494D-908B-E0D956F77ADC}.Release|iPhoneSimulator.Build.0 = Release|Any CPU
		{3A732C53-F207-494D-908B-E0D956F77ADC}.Release|iPhoneSimulator.Deploy.0 = Release|Any CPU
		{3A732C53-F207-494D-908B-E0D956F77ADC}.Release|x64.ActiveCfg = Release|Any CPU
		{3A732C53-F207-494D-908B-E0D956F77ADC}.Release|x64.Build.0 = Release|Any CPU
		{3A732C53-F207-494D-908B-E0D956F77ADC}.Release|x64.Deploy.0 = Release|Any CPU
		{3A732C53-F207-494D-908B-E0D956F77ADC}.Release|x86.ActiveCfg = Release|Any CPU
		{3A732C53-F207-494D-908B-E0D956F77ADC}.Release|x86.Build.0 = Release|Any CPU
		{3A732C53-F207-494D-908B-E0D956F77ADC}.Release|x86.Deploy.0 = Release|Any CPU
		{E4ABF7BC-6757-4F76-818D-55B4BD6C05E7}.Debug|Any CPU.ActiveCfg = Debug|iPhone
		{E4ABF7BC-6757-4F76-818D-55B4BD6C05E7}.Debug|Any CPU.Build.0 = Debug|iPhone
		{E4ABF7BC-6757-4F76-818D-55B4BD6C05E7}.Debug|Any CPU.Deploy.0 = Debug|iPhone
		{E4ABF7BC-6757-4F76-818D-55B4BD6C05E7}.Debug|ARM.ActiveCfg = Debug|iPhone
		{E4ABF7BC-6757-4F76-818D-55B4BD6C05E7}.Debug|ARM.Build.0 = Debug|iPhone
		{E4ABF7BC-6757-4F76-818D-55B4BD6C05E7}.Debug|ARM.Deploy.0 = Debug|iPhone
		{E4ABF7BC-6757-4F76-818D-55B4BD6C05E7}.Debug|iPhone.ActiveCfg = Debug|iPhone
		{E4ABF7BC-6757-4F76-818D-55B4BD6C05E7}.Debug|iPhone.Build.0 = Debug|iPhone
		{E4ABF7BC-6757-4F76-818D-55B4BD6C05E7}.Debug|iPhone.Deploy.0 = Debug|iPhone
		{E4ABF7BC-6757-4F76-818D-55B4BD6C05E7}.Debug|iPhoneSimulator.ActiveCfg = Debug|iPhoneSimulator
		{E4ABF7BC-6757-4F76-818D-55B4BD6C05E7}.Debug|iPhoneSimulator.Build.0 = Debug|iPhoneSimulator
		{E4ABF7BC-6757-4F76-818D-55B4BD6C05E7}.Debug|iPhoneSimulator.Deploy.0 = Debug|iPhoneSimulator
		{E4ABF7BC-6757-4F76-818D-55B4BD6C05E7}.Debug|x64.ActiveCfg = Debug|iPhone
		{E4ABF7BC-6757-4F76-818D-55B4BD6C05E7}.Debug|x64.Build.0 = Debug|iPhone
		{E4ABF7BC-6757-4F76-818D-55B4BD6C05E7}.Debug|x64.Deploy.0 = Debug|iPhone
		{E4ABF7BC-6757-4F76-818D-55B4BD6C05E7}.Debug|x86.ActiveCfg = Debug|iPhone
		{E4ABF7BC-6757-4F76-818D-55B4BD6C05E7}.Debug|x86.Build.0 = Debug|iPhone
		{E4ABF7BC-6757-4F76-818D-55B4BD6C05E7}.Debug|x86.Deploy.0 = Debug|iPhone
		{E4ABF7BC-6757-4F76-818D-55B4BD6C05E7}.Release|Any CPU.ActiveCfg = Release|iPhone
		{E4ABF7BC-6757-4F76-818D-55B4BD6C05E7}.Release|Any CPU.Build.0 = Release|iPhone
		{E4ABF7BC-6757-4F76-818D-55B4BD6C05E7}.Release|Any CPU.Deploy.0 = Release|iPhone
		{E4ABF7BC-6757-4F76-818D-55B4BD6C05E7}.Release|ARM.ActiveCfg = Release|iPhone
		{E4ABF7BC-6757-4F76-818D-55B4BD6C05E7}.Release|ARM.Build.0 = Release|iPhone
		{E4ABF7BC-6757-4F76-818D-55B4BD6C05E7}.Release|ARM.Deploy.0 = Release|iPhone
		{E4ABF7BC-6757-4F76-818D-55B4BD6C05E7}.Release|iPhone.ActiveCfg = Release|iPhone
		{E4ABF7BC-6757-4F76-818D-55B4BD6C05E7}.Release|iPhone.Build.0 = Release|iPhone
		{E4ABF7BC-6757-4F76-818D-55B4BD6C05E7}.Release|iPhone.Deploy.0 = Release|iPhone
		{E4ABF7BC-6757-4F76-818D-55B4BD6C05E7}.Release|iPhoneSimulator.ActiveCfg = Release|iPhoneSimulator
		{E4ABF7BC-6757-4F76-818D-55B4BD6C05E7}.Release|iPhoneSimulator.Build.0 = Release|iPhoneSimulator
		{E4ABF7BC-6757-4F76-818D-55B4BD6C05E7}.Release|iPhoneSimulator.Deploy.0 = Release|iPhoneSimulator
		{E4ABF7BC-6757-4F76-818D-55B4BD6C05E7}.Release|x64.ActiveCfg = Release|iPhone
		{E4ABF7BC-6757-4F76-818D-55B4BD6C05E7}.Release|x64.Build.0 = Release|iPhone
		{E4ABF7BC-6757-4F76-818D-55B4BD6C05E7}.Release|x64.Deploy.0 = Release|iPhone
		{E4ABF7BC-6757-4F76-818D-55B4BD6C05E7}.Release|x86.ActiveCfg = Release|iPhone
		{E4ABF7BC-6757-4F76-818D-55B4BD6C05E7}.Release|x86.Build.0 = Release|iPhone
		{E4ABF7BC-6757-4F76-818D-55B4BD6C05E7}.Release|x86.Deploy.0 = Release|iPhone
		{40E29A37-AFD0-456A-B6B8-AC3D86DF5A23}.Debug|Any CPU.ActiveCfg = Debug|Any CPU
		{40E29A37-AFD0-456A-B6B8-AC3D86DF5A23}.Debug|Any CPU.Build.0 = Debug|Any CPU
		{40E29A37-AFD0-456A-B6B8-AC3D86DF5A23}.Debug|Any CPU.Deploy.0 = Debug|Any CPU
		{40E29A37-AFD0-456A-B6B8-AC3D86DF5A23}.Debug|ARM.ActiveCfg = Debug|Any CPU
		{40E29A37-AFD0-456A-B6B8-AC3D86DF5A23}.Debug|ARM.Build.0 = Debug|Any CPU
		{40E29A37-AFD0-456A-B6B8-AC3D86DF5A23}.Debug|ARM.Deploy.0 = Debug|Any CPU
		{40E29A37-AFD0-456A-B6B8-AC3D86DF5A23}.Debug|iPhone.ActiveCfg = Debug|Any CPU
		{40E29A37-AFD0-456A-B6B8-AC3D86DF5A23}.Debug|iPhone.Build.0 = Debug|Any CPU
		{40E29A37-AFD0-456A-B6B8-AC3D86DF5A23}.Debug|iPhone.Deploy.0 = Debug|Any CPU
		{40E29A37-AFD0-456A-B6B8-AC3D86DF5A23}.Debug|iPhoneSimulator.ActiveCfg = Debug|Any CPU
		{40E29A37-AFD0-456A-B6B8-AC3D86DF5A23}.Debug|iPhoneSimulator.Build.0 = Debug|Any CPU
		{40E29A37-AFD0-456A-B6B8-AC3D86DF5A23}.Debug|iPhoneSimulator.Deploy.0 = Debug|Any CPU
		{40E29A37-AFD0-456A-B6B8-AC3D86DF5A23}.Debug|x64.ActiveCfg = Debug|Any CPU
		{40E29A37-AFD0-456A-B6B8-AC3D86DF5A23}.Debug|x64.Build.0 = Debug|Any CPU
		{40E29A37-AFD0-456A-B6B8-AC3D86DF5A23}.Debug|x64.Deploy.0 = Debug|Any CPU
		{40E29A37-AFD0-456A-B6B8-AC3D86DF5A23}.Debug|x86.ActiveCfg = Debug|Any CPU
		{40E29A37-AFD0-456A-B6B8-AC3D86DF5A23}.Debug|x86.Build.0 = Debug|Any CPU
		{40E29A37-AFD0-456A-B6B8-AC3D86DF5A23}.Debug|x86.Deploy.0 = Debug|Any CPU
		{40E29A37-AFD0-456A-B6B8-AC3D86DF5A23}.Release|Any CPU.ActiveCfg = Release|Any CPU
		{40E29A37-AFD0-456A-B6B8-AC3D86DF5A23}.Release|Any CPU.Build.0 = Release|Any CPU
		{40E29A37-AFD0-456A-B6B8-AC3D86DF5A23}.Release|Any CPU.Deploy.0 = Release|Any CPU
		{40E29A37-AFD0-456A-B6B8-AC3D86DF5A23}.Release|ARM.ActiveCfg = Release|Any CPU
		{40E29A37-AFD0-456A-B6B8-AC3D86DF5A23}.Release|ARM.Build.0 = Release|Any CPU
		{40E29A37-AFD0-456A-B6B8-AC3D86DF5A23}.Release|ARM.Deploy.0 = Release|Any CPU
		{40E29A37-AFD0-456A-B6B8-AC3D86DF5A23}.Release|iPhone.ActiveCfg = Release|Any CPU
		{40E29A37-AFD0-456A-B6B8-AC3D86DF5A23}.Release|iPhone.Build.0 = Release|Any CPU
		{40E29A37-AFD0-456A-B6B8-AC3D86DF5A23}.Release|iPhone.Deploy.0 = Release|Any CPU
		{40E29A37-AFD0-456A-B6B8-AC3D86DF5A23}.Release|iPhoneSimulator.ActiveCfg = Release|Any CPU
		{40E29A37-AFD0-456A-B6B8-AC3D86DF5A23}.Release|iPhoneSimulator.Build.0 = Release|Any CPU
		{40E29A37-AFD0-456A-B6B8-AC3D86DF5A23}.Release|iPhoneSimulator.Deploy.0 = Release|Any CPU
		{40E29A37-AFD0-456A-B6B8-AC3D86DF5A23}.Release|x64.ActiveCfg = Release|Any CPU
		{40E29A37-AFD0-456A-B6B8-AC3D86DF5A23}.Release|x64.Build.0 = Release|Any CPU
		{40E29A37-AFD0-456A-B6B8-AC3D86DF5A23}.Release|x64.Deploy.0 = Release|Any CPU
		{40E29A37-AFD0-456A-B6B8-AC3D86DF5A23}.Release|x86.ActiveCfg = Release|Any CPU
		{40E29A37-AFD0-456A-B6B8-AC3D86DF5A23}.Release|x86.Build.0 = Release|Any CPU
		{40E29A37-AFD0-456A-B6B8-AC3D86DF5A23}.Release|x86.Deploy.0 = Release|Any CPU
	EndGlobalSection
	GlobalSection(SolutionProperties) = preSolution
		HideSolutionNode = FALSE
	EndGlobalSection
	GlobalSection(ExtensibilityGlobals) = postSolution
		SolutionGuid = {080804D5-33AF-44A8-BF4D-A067F6740F27}
	EndGlobalSection
EndGlobal
